
Microsoft Visual Studio Solution File, Format Version 12.00
# Visual Studio Version 16
VisualStudioVersion = 16.0.31515.178
MinimumVisualStudioVersion = 10.0.40219.1
Project("{9A19103F-16F7-4668-BE54-9A1E7A4F7556}") = "Demo.Function.Movies.API", "Demo.Function.Movies.API.csproj", "{3481A415-9B1C-46C5-9A0B-DC2E447F53DF}"
EndProject
Global
	GlobalSection(SolutionConfigurationPlatforms) = preSolution
		Debug|Any CPU = Debug|Any CPU
		Release|Any CPU = Release|Any CPU
	EndGlobalSection
	GlobalSection(ProjectConfigurationPlatforms) = postSolution
		{3481A415-9B1C-46C5-9A0B-DC2E447F53DF}.Debug|Any CPU.ActiveCfg = Debug|Any CPU
		{3481A415-9B1C-46C5-9A0B-DC2E447F53DF}.Debug|Any CPU.Build.0 = Debug|Any CPU
		{3481A415-9B1C-46C5-9A0B-DC2E447F53DF}.Release|Any CPU.ActiveCfg = Release|Any CPU
		{3481A415-9B1C-46C5-9A0B-DC2E447F53DF}.Release|Any CPU.Build.0 = Release|Any CPU
	EndGlobalSection
	GlobalSection(SolutionProperties) = preSolution
		HideSolutionNode = FALSE
	EndGlobalSection
	GlobalSection(ExtensibilityGlobals) = postSolution
		SolutionGuid = {1210107F-C130-41F0-BFEA-9666CDAE0A3E}
	EndGlobalSection
EndGlobal
